
Microsoft Visual Studio Solution File, Format Version 12.00
# Visual Studio 2013
VisualStudioVersion = 12.0.40629.0
MinimumVisualStudioVersion = 10.0.40219.1
Project("{FAE04EC0-301F-11D3-BF4B-00C04F79EFBC}") = "XXY.MessageCenter.Common", "XXY.MessageCenter.Common\XXY.MessageCenter.Common.csproj", "{5686E8C0-99CE-4285-A661-304C0AF09828}"
EndProject
Project("{FAE04EC0-301F-11D3-BF4B-00C04F79EFBC}") = "XXY.MessageCenter.Email", "XXY.MessageCenter.Email\XXY.MessageCenter.Email.csproj", "{49EC1DD5-BC19-457C-8164-AF33E1A96320}"
EndProject
Project("{FAE04EC0-301F-11D3-BF4B-00C04F79EFBC}") = "XXY.MessageCenter.QQ", "XXY.MessageCenter.QQ\XXY.MessageCenter.QQ.csproj", "{D01A8C67-C068-43EC-B5C7-CAE1E6578A4D}"
EndProject
Project("{FAE04EC0-301F-11D3-BF4B-00C04F79EFBC}") = "XXY.MessageCenter.Sms", "XXY.Message.Sms\XXY.MessageCenter.Sms.csproj", "{FF6EB687-4F99-48EA-B65C-055D20797A4F}"
EndProject
Project("{2150E333-8FDC-42A3-9474-1A3956D46DE8}") = "Common", "Common", "{3C0EB2F4-8CCF-4760-A2E2-FC027009C445}"
EndProject
Project("{2150E333-8FDC-42A3-9474-1A3956D46DE8}") = "Client", "Client", "{8A00EB04-E8FA-42E4-B4B2-E21C41F69F26}"
EndProject
Project("{FAE04EC0-301F-11D3-BF4B-00C04F79EFBC}") = "XXY.MessageCenter.WeChat", "XXY.Message.WeChat\XXY.MessageCenter.WeChat.csproj", "{7F665FDB-AC0F-4018-8766-79F8EA9FFEAC}"
EndProject
Project("{2150E333-8FDC-42A3-9474-1A3956D46DE8}") = "Data", "Data", "{6A1864E5-9848-43BB-963D-DDA5330B7D24}"
EndProject
Project("{FAE04EC0-301F-11D3-BF4B-00C04F79EFBC}") = "XXY.MessageCenter.DbEntity", "XXY.MessageCenter.DbEntity\XXY.MessageCenter.DbEntity.csproj", "{891D1F0F-EE9F-4CC4-A2DD-AE7EE8A1108D}"
EndProject
Project("{2150E333-8FDC-42A3-9474-1A3956D46DE8}") = "Server", "Server", "{31EBA4A3-FA7F-4577-8908-C2DC75D8FD28}"
EndProject
Project("{FAE04EC0-301F-11D3-BF4B-00C04F79EFBC}") = "XXY.MessageCenter.Service", "XXY.MessageCenter.Service\XXY.MessageCenter.Service.csproj", "{134DA23A-714F-491B-B9F6-3F04FD49C525}"
EndProject
Project("{FAE04EC0-301F-11D3-BF4B-00C04F79EFBC}") = "XXY.MessageCenter.DbContext", "XXY.MessageCenter.DbContext\XXY.MessageCenter.DbContext.csproj", "{B906446E-CB03-4106-9DE7-5BA2ED6085DB}"
EndProject
Project("{2150E333-8FDC-42A3-9474-1A3956D46DE8}") = "Site", "Site", "{DA6FDE3B-BEDF-4631-8079-8AD41A2D9524}"
EndProject
Project("{FAE04EC0-301F-11D3-BF4B-00C04F79EFBC}") = "XXY.MessageCenter", "XXY.MessageCenter\XXY.MessageCenter.csproj", "{0528A4EB-5B32-4923-930E-D7D9096D1278}"
EndProject
Project("{FAE04EC0-301F-11D3-BF4B-00C04F79EFBC}") = "XXY.MessageCenter.Tests", "XXY.MessageCenter.Tests\XXY.MessageCenter.Tests.csproj", "{ED1C62F9-2643-49ED-9DDC-68D44D6DEDF1}"
EndProject
Project("{FAE04EC0-301F-11D3-BF4B-00C04F79EFBC}") = "XXY.MessageCenter.Queue", "XXY.MessageCenter.Msmq\XXY.MessageCenter.Queue.csproj", "{D241C2C3-7D15-43FB-AC94-1BA904A2EB03}"
EndProject
Project("{2150E333-8FDC-42A3-9474-1A3956D46DE8}") = ".nuget", ".nuget", "{0874C6FC-013B-4FAD-8E0F-94CB7F404547}"
	ProjectSection(SolutionItems) = preProject
		.nuget\NuGet.Config = .nuget\NuGet.Config
		.nuget\NuGet.exe = .nuget\NuGet.exe
		.nuget\NuGet.targets = .nuget\NuGet.targets
	EndProjectSection
EndProject
Project("{2150E333-8FDC-42A3-9474-1A3956D46DE8}") = "Biz", "Biz", "{7ADDF34D-62F4-4299-8F9A-61409FE6764A}"
EndProject
Project("{FAE04EC0-301F-11D3-BF4B-00C04F79EFBC}") = "XXY.MessageCenter.Biz", "XXY.MessageCenter.Biz\XXY.MessageCenter.Biz.csproj", "{B9B21B48-D562-42C7-A284-81681BCE6B09}"
EndProject
Project("{FAE04EC0-301F-11D3-BF4B-00C04F79EFBC}") = "XXY.MessageCenter.IBiz", "XXY.MessageCenter.IBiz\XXY.MessageCenter.IBiz.csproj", "{290EF4F3-652C-4C3C-B071-38302FFFF292}"
EndProject
Project("{FAE04EC0-301F-11D3-BF4B-00C04F79EFBC}") = "XXY.MessageCenter.IService", "XXY.MessageCenter.IService\XXY.MessageCenter.IService.csproj", "{F6F13880-1044-4F75-BB23-B244DE6CC12D}"
EndProject
Project("{FAE04EC0-301F-11D3-BF4B-00C04F79EFBC}") = "XXY.MessageCenter.ServiceImpl", "XXY.MessageCenter.ServiceImpl\XXY.MessageCenter.ServiceImpl.csproj", "{8D171CE9-B046-4568-81F5-477BFCC4E983}"
EndProject
Project("{FAE04EC0-301F-11D3-BF4B-00C04F79EFBC}") = "XXY.MessageCenter.BizEntity", "XXY.MessageCenter.BizEntity\XXY.MessageCenter.BizEntity.csproj", "{0210DE26-A9E4-4E34-ADB3-5CF6A04F2EA6}"
EndProject
Project("{FAE04EC0-301F-11D3-BF4B-00C04F79EFBC}") = "XXY.MessageCenter.Res", "XXY.MessageCenter.Res\XXY.MessageCenter.Res.csproj", "{09D7A2AD-5AE5-4CA8-8804-C51397D1A641}"
EndProject
Project("{FAE04EC0-301F-11D3-BF4B-00C04F79EFBC}") = "XXY.WxApi", "XXY.WxApi\XXY.WxApi.csproj", "{911A047C-5A2C-4726-B225-77E50240505B}"
EndProject
Project("{FAE04EC0-301F-11D3-BF4B-00C04F79EFBC}") = "XXY.MessageCenter.ProcessedScanner", "XXY.MessageCenter.FailbackScanner\XXY.MessageCenter.ProcessedScanner.csproj", "{42BA2E81-9FCA-4205-BC33-4F3F85917775}"
EndProject
Project("{FAE04EC0-301F-11D3-BF4B-00C04F79EFBC}") = "XXY.MessageCenter.TxtMsgHub", "XXY.MessageCenter.TxtMsgHub\XXY.MessageCenter.TxtMsgHub.csproj", "{6705DE60-976E-4C03-A3A2-96C1B20DDCCB}"
EndProject
Project("{FAE04EC0-301F-11D3-BF4B-00C04F79EFBC}") = "XXY.MessageCenter.TemplateParser", "XXY.MessageCenter.TemplateParser\XXY.MessageCenter.TemplateParser.csproj", "{279FD4B9-4482-425A-BDEF-02C4A133391B}"
EndProject
Global
	GlobalSection(SolutionConfigurationPlatforms) = preSolution
		Debug|Any CPU = Debug|Any CPU
		Release|Any CPU = Release|Any CPU
	EndGlobalSection
	GlobalSection(ProjectConfigurationPlatforms) = postSolution
		{5686E8C0-99CE-4285-A661-304C0AF09828}.Debug|Any CPU.ActiveCfg = Debug|Any CPU
		{5686E8C0-99CE-4285-A661-304C0AF09828}.Debug|Any CPU.Build.0 = Debug|Any CPU
		{5686E8C0-99CE-4285-A661-304C0AF09828}.Release|Any CPU.ActiveCfg = Release|Any CPU
		{5686E8C0-99CE-4285-A661-304C0AF09828}.Release|Any CPU.Build.0 = Release|Any CPU
		{49EC1DD5-BC19-457C-8164-AF33E1A96320}.Debug|Any CPU.ActiveCfg = Debug|Any CPU
		{49EC1DD5-BC19-457C-8164-AF33E1A96320}.Debug|Any CPU.Build.0 = Debug|Any CPU
		{49EC1DD5-BC19-457C-8164-AF33E1A96320}.Release|Any CPU.ActiveCfg = Release|Any CPU
		{49EC1DD5-BC19-457C-8164-AF33E1A96320}.Release|Any CPU.Build.0 = Release|Any CPU
		{D01A8C67-C068-43EC-B5C7-CAE1E6578A4D}.Debug|Any CPU.ActiveCfg = Debug|Any CPU
		{D01A8C67-C068-43EC-B5C7-CAE1E6578A4D}.Debug|Any CPU.Build.0 = Debug|Any CPU
		{D01A8C67-C068-43EC-B5C7-CAE1E6578A4D}.Release|Any CPU.ActiveCfg = Release|Any CPU
		{D01A8C67-C068-43EC-B5C7-CAE1E6578A4D}.Release|Any CPU.Build.0 = Release|Any CPU
		{FF6EB687-4F99-48EA-B65C-055D20797A4F}.Debug|Any CPU.ActiveCfg = Debug|Any CPU
		{FF6EB687-4F99-48EA-B65C-055D20797A4F}.Debug|Any CPU.Build.0 = Debug|Any CPU
		{FF6EB687-4F99-48EA-B65C-055D20797A4F}.Release|Any CPU.ActiveCfg = Release|Any CPU
		{FF6EB687-4F99-48EA-B65C-055D20797A4F}.Release|Any CPU.Build.0 = Release|Any CPU
		{7F665FDB-AC0F-4018-8766-79F8EA9FFEAC}.Debug|Any CPU.ActiveCfg = Debug|Any CPU
		{7F665FDB-AC0F-4018-8766-79F8EA9FFEAC}.Debug|Any CPU.Build.0 = Debug|Any CPU
		{7F665FDB-AC0F-4018-8766-79F8EA9FFEAC}.Release|Any CPU.ActiveCfg = Release|Any CPU
		{7F665FDB-AC0F-4018-8766-79F8EA9FFEAC}.Release|Any CPU.Build.0 = Release|Any CPU
		{891D1F0F-EE9F-4CC4-A2DD-AE7EE8A1108D}.Debug|Any CPU.ActiveCfg = Debug|Any CPU
		{891D1F0F-EE9F-4CC4-A2DD-AE7EE8A1108D}.Debug|Any CPU.Build.0 = Debug|Any CPU
		{891D1F0F-EE9F-4CC4-A2DD-AE7EE8A1108D}.Release|Any CPU.ActiveCfg = Release|Any CPU
		{891D1F0F-EE9F-4CC4-A2DD-AE7EE8A1108D}.Release|Any CPU.Build.0 = Release|Any CPU
		{134DA23A-714F-491B-B9F6-3F04FD49C525}.Debug|Any CPU.ActiveCfg = Debug|Any CPU
		{134DA23A-714F-491B-B9F6-3F04FD49C525}.Debug|Any CPU.Build.0 = Debug|Any CPU
		{134DA23A-714F-491B-B9F6-3F04FD49C525}.Release|Any CPU.ActiveCfg = Release|Any CPU
		{134DA23A-714F-491B-B9F6-3F04FD49C525}.Release|Any CPU.Build.0 = Release|Any CPU
		{B906446E-CB03-4106-9DE7-5BA2ED6085DB}.Debug|Any CPU.ActiveCfg = Debug|Any CPU
		{B906446E-CB03-4106-9DE7-5BA2ED6085DB}.Debug|Any CPU.Build.0 = Debug|Any CPU
		{B906446E-CB03-4106-9DE7-5BA2ED6085DB}.Release|Any CPU.ActiveCfg = Release|Any CPU
		{B906446E-CB03-4106-9DE7-5BA2ED6085DB}.Release|Any CPU.Build.0 = Release|Any CPU
		{0528A4EB-5B32-4923-930E-D7D9096D1278}.Debug|Any CPU.ActiveCfg = Debug|Any CPU
		{0528A4EB-5B32-4923-930E-D7D9096D1278}.Debug|Any CPU.Build.0 = Debug|Any CPU
		{0528A4EB-5B32-4923-930E-D7D9096D1278}.Release|Any CPU.ActiveCfg = Release|Any CPU
		{0528A4EB-5B32-4923-930E-D7D9096D1278}.Release|Any CPU.Build.0 = Release|Any CPU
		{ED1C62F9-2643-49ED-9DDC-68D44D6DEDF1}.Debug|Any CPU.ActiveCfg = Debug|Any CPU
		{ED1C62F9-2643-49ED-9DDC-68D44D6DEDF1}.Debug|Any CPU.Build.0 = Debug|Any CPU
		{ED1C62F9-2643-49ED-9DDC-68D44D6DEDF1}.Release|Any CPU.ActiveCfg = Release|Any CPU
		{ED1C62F9-2643-49ED-9DDC-68D44D6DEDF1}.Release|Any CPU.Build.0 = Release|Any CPU
		{D241C2C3-7D15-43FB-AC94-1BA904A2EB03}.Debug|Any CPU.ActiveCfg = Debug|Any CPU
		{D241C2C3-7D15-43FB-AC94-1BA904A2EB03}.Debug|Any CPU.Build.0 = Debug|Any CPU
		{D241C2C3-7D15-43FB-AC94-1BA904A2EB03}.Release|Any CPU.ActiveCfg = Release|Any CPU
		{D241C2C3-7D15-43FB-AC94-1BA904A2EB03}.Release|Any CPU.Build.0 = Release|Any CPU
		{B9B21B48-D562-42C7-A284-81681BCE6B09}.Debug|Any CPU.ActiveCfg = Debug|Any CPU
		{B9B21B48-D562-42C7-A284-81681BCE6B09}.Debug|Any CPU.Build.0 = Debug|Any CPU
		{B9B21B48-D562-42C7-A284-81681BCE6B09}.Release|Any CPU.ActiveCfg = Release|Any CPU
		{B9B21B48-D562-42C7-A284-81681BCE6B09}.Release|Any CPU.Build.0 = Release|Any CPU
		{290EF4F3-652C-4C3C-B071-38302FFFF292}.Debug|Any CPU.ActiveCfg = Debug|Any CPU
		{290EF4F3-652C-4C3C-B071-38302FFFF292}.Debug|Any CPU.Build.0 = Debug|Any CPU
		{290EF4F3-652C-4C3C-B071-38302FFFF292}.Release|Any CPU.ActiveCfg = Release|Any CPU
		{290EF4F3-652C-4C3C-B071-38302FFFF292}.Release|Any CPU.Build.0 = Release|Any CPU
		{F6F13880-1044-4F75-BB23-B244DE6CC12D}.Debug|Any CPU.ActiveCfg = Debug|Any CPU
		{F6F13880-1044-4F75-BB23-B244DE6CC12D}.Debug|Any CPU.Build.0 = Debug|Any CPU
		{F6F13880-1044-4F75-BB23-B244DE6CC12D}.Release|Any CPU.ActiveCfg = Release|Any CPU
		{F6F13880-1044-4F75-BB23-B244DE6CC12D}.Release|Any CPU.Build.0 = Release|Any CPU
		{8D171CE9-B046-4568-81F5-477BFCC4E983}.Debug|Any CPU.ActiveCfg = Debug|Any CPU
		{8D171CE9-B046-4568-81F5-477BFCC4E983}.Debug|Any CPU.Build.0 = Debug|Any CPU
		{8D171CE9-B046-4568-81F5-477BFCC4E983}.Release|Any CPU.ActiveCfg = Release|Any CPU
		{8D171CE9-B046-4568-81F5-477BFCC4E983}.Release|Any CPU.Build.0 = Release|Any CPU
		{0210DE26-A9E4-4E34-ADB3-5CF6A04F2EA6}.Debug|Any CPU.ActiveCfg = Debug|Any CPU
		{0210DE26-A9E4-4E34-ADB3-5CF6A04F2EA6}.Debug|Any CPU.Build.0 = Debug|Any CPU
		{0210DE26-A9E4-4E34-ADB3-5CF6A04F2EA6}.Release|Any CPU.ActiveCfg = Release|Any CPU
		{0210DE26-A9E4-4E34-ADB3-5CF6A04F2EA6}.Release|Any CPU.Build.0 = Release|Any CPU
		{09D7A2AD-5AE5-4CA8-8804-C51397D1A641}.Debug|Any CPU.ActiveCfg = Debug|Any CPU
		{09D7A2AD-5AE5-4CA8-8804-C51397D1A641}.Debug|Any CPU.Build.0 = Debug|Any CPU
		{09D7A2AD-5AE5-4CA8-8804-C51397D1A641}.Release|Any CPU.ActiveCfg = Release|Any CPU
		{09D7A2AD-5AE5-4CA8-8804-C51397D1A641}.Release|Any CPU.Build.0 = Release|Any CPU
		{911A047C-5A2C-4726-B225-77E50240505B}.Debug|Any CPU.ActiveCfg = Debug|Any CPU
		{911A047C-5A2C-4726-B225-77E50240505B}.Debug|Any CPU.Build.0 = Debug|Any CPU
		{911A047C-5A2C-4726-B225-77E50240505B}.Release|Any CPU.ActiveCfg = Release|Any CPU
		{911A047C-5A2C-4726-B225-77E50240505B}.Release|Any CPU.Build.0 = Release|Any CPU
		{42BA2E81-9FCA-4205-BC33-4F3F85917775}.Debug|Any CPU.ActiveCfg = Debug|Any CPU
		{42BA2E81-9FCA-4205-BC33-4F3F85917775}.Debug|Any CPU.Build.0 = Debug|Any CPU
		{42BA2E81-9FCA-4205-BC33-4F3F85917775}.Release|Any CPU.ActiveCfg = Release|Any CPU
		{42BA2E81-9FCA-4205-BC33-4F3F85917775}.Release|Any CPU.Build.0 = Release|Any CPU
		{6705DE60-976E-4C03-A3A2-96C1B20DDCCB}.Debug|Any CPU.ActiveCfg = Debug|Any CPU
		{6705DE60-976E-4C03-A3A2-96C1B20DDCCB}.Debug|Any CPU.Build.0 = Debug|Any CPU
		{6705DE60-976E-4C03-A3A2-96C1B20DDCCB}.Release|Any CPU.ActiveCfg = Release|Any CPU
		{6705DE60-976E-4C03-A3A2-96C1B20DDCCB}.Release|Any CPU.Build.0 = Release|Any CPU
		{279FD4B9-4482-425A-BDEF-02C4A133391B}.Debug|Any CPU.ActiveCfg = Debug|Any CPU
		{279FD4B9-4482-425A-BDEF-02C4A133391B}.Debug|Any CPU.Build.0 = Debug|Any CPU
		{279FD4B9-4482-425A-BDEF-02C4A133391B}.Release|Any CPU.ActiveCfg = Release|Any CPU
		{279FD4B9-4482-425A-BDEF-02C4A133391B}.Release|Any CPU.Build.0 = Release|Any CPU
	EndGlobalSection
	GlobalSection(SolutionProperties) = preSolution
		HideSolutionNode = FALSE
	EndGlobalSection
	GlobalSection(NestedProjects) = preSolution
		{5686E8C0-99CE-4285-A661-304C0AF09828} = {3C0EB2F4-8CCF-4760-A2E2-FC027009C445}
		{49EC1DD5-BC19-457C-8164-AF33E1A96320} = {8A00EB04-E8FA-42E4-B4B2-E21C41F69F26}
		{D01A8C67-C068-43EC-B5C7-CAE1E6578A4D} = {8A00EB04-E8FA-42E4-B4B2-E21C41F69F26}
		{FF6EB687-4F99-48EA-B65C-055D20797A4F} = {8A00EB04-E8FA-42E4-B4B2-E21C41F69F26}
		{7F665FDB-AC0F-4018-8766-79F8EA9FFEAC} = {8A00EB04-E8FA-42E4-B4B2-E21C41F69F26}
		{891D1F0F-EE9F-4CC4-A2DD-AE7EE8A1108D} = {6A1864E5-9848-43BB-963D-DDA5330B7D24}
		{134DA23A-714F-491B-B9F6-3F04FD49C525} = {31EBA4A3-FA7F-4577-8908-C2DC75D8FD28}
		{B906446E-CB03-4106-9DE7-5BA2ED6085DB} = {6A1864E5-9848-43BB-963D-DDA5330B7D24}
		{0528A4EB-5B32-4923-930E-D7D9096D1278} = {DA6FDE3B-BEDF-4631-8079-8AD41A2D9524}
		{ED1C62F9-2643-49ED-9DDC-68D44D6DEDF1} = {DA6FDE3B-BEDF-4631-8079-8AD41A2D9524}
		{D241C2C3-7D15-43FB-AC94-1BA904A2EB03} = {3C0EB2F4-8CCF-4760-A2E2-FC027009C445}
		{B9B21B48-D562-42C7-A284-81681BCE6B09} = {7ADDF34D-62F4-4299-8F9A-61409FE6764A}
		{290EF4F3-652C-4C3C-B071-38302FFFF292} = {7ADDF34D-62F4-4299-8F9A-61409FE6764A}
		{F6F13880-1044-4F75-BB23-B244DE6CC12D} = {7ADDF34D-62F4-4299-8F9A-61409FE6764A}
		{8D171CE9-B046-4568-81F5-477BFCC4E983} = {7ADDF34D-62F4-4299-8F9A-61409FE6764A}
		{0210DE26-A9E4-4E34-ADB3-5CF6A04F2EA6} = {6A1864E5-9848-43BB-963D-DDA5330B7D24}
		{09D7A2AD-5AE5-4CA8-8804-C51397D1A641} = {DA6FDE3B-BEDF-4631-8079-8AD41A2D9524}
		{911A047C-5A2C-4726-B225-77E50240505B} = {3C0EB2F4-8CCF-4760-A2E2-FC027009C445}
		{42BA2E81-9FCA-4205-BC33-4F3F85917775} = {3C0EB2F4-8CCF-4760-A2E2-FC027009C445}
		{6705DE60-976E-4C03-A3A2-96C1B20DDCCB} = {3C0EB2F4-8CCF-4760-A2E2-FC027009C445}
		{279FD4B9-4482-425A-BDEF-02C4A133391B} = {3C0EB2F4-8CCF-4760-A2E2-FC027009C445}
	EndGlobalSection
EndGlobal
